
Microsoft Visual Studio Solution File, Format Version 12.00
# Visual Studio Version 17
VisualStudioVersion = 17.14.36414.22
MinimumVisualStudioVersion = 10.0.40219.1
Project("{2150E333-8FDC-42A3-9474-1A3956D46DE8}") = "Task0", "Task0", "{02EA681E-C7D8-13C7-8484-4AC65E1B71E8}"
EndProject
Project("{FAE04EC0-301F-11D3-BF4B-00C04F79EFBC}") = "Tyuiu.BudykovaMM.Sprint5.Task0.V13", "Tyuiu.BudykovaMM.Sprint5.Task0.V13\Tyuiu.BudykovaMM.Sprint5.Task0.V13.csproj", "{52E5E850-CE6E-4BDC-A904-F74EC7853B3F}"
EndProject
Project("{FAE04EC0-301F-11D3-BF4B-00C04F79EFBC}") = "Tyuiu.BudykovaMM.Sprint5.Task0.V13.Lib", "Tyuiu.BudykovaMM.Sprint5.Task0.V13.Lib\Tyuiu.BudykovaMM.Sprint5.Task0.V13.Lib.csproj", "{F61B5DCD-81B7-441E-BCC3-FDB4EF5D6916}"
EndProject
Project("{FAE04EC0-301F-11D3-BF4B-00C04F79EFBC}") = "Tyuiu.BudykovaMM.Sprint5.Task0.V13.Test", "Tyuiu.BudykovaMM.Sprint5.Task0.V13.Test\Tyuiu.BudykovaMM.Sprint5.Task0.V13.Test.csproj", "{0EB0A749-185F-4E49-8ABE-3E6FCB6F5E48}"
EndProject
Project("{2150E333-8FDC-42A3-9474-1A3956D46DE8}") = "Task1", "Task1", "{68205B51-1100-40D4-893C-718FD33CDBF4}"
EndProject
Project("{FAE04EC0-301F-11D3-BF4B-00C04F79EFBC}") = "Tyuiu.BudykovaMM.Sprint5.Task1.V15", "Tyuiu.BudykovaMM.Sprint5.Task1.V15\Tyuiu.BudykovaMM.Sprint5.Task1.V15.csproj", "{3ABA7B0B-D672-4D13-9CD2-F5EFDB910F91}"
EndProject
Project("{FAE04EC0-301F-11D3-BF4B-00C04F79EFBC}") = "Tyuiu.BudykovaMM.Sprint5.Task1.V15.Lib", "Tyuiu.BudykovaMM.Sprint5.Task1.V15.Lib\Tyuiu.BudykovaMM.Sprint5.Task1.V15.Lib.csproj", "{589DDCBD-60AF-4BD3-985C-CD87513592F6}"
EndProject
Project("{FAE04EC0-301F-11D3-BF4B-00C04F79EFBC}") = "Tyuiu.BudykovaMM.Sprint5.Task1.V15.Test", "Tyuiu.BudykovaMM.Sprint5.Task1.V15.Test\Tyuiu.BudykovaMM.Sprint5.Task1.V15.Test.csproj", "{1793EB78-2DA1-4E9F-8CB4-4C2B33A3F70A}"
EndProject
Global
	GlobalSection(SolutionConfigurationPlatforms) = preSolution
		Debug|Any CPU = Debug|Any CPU
		Release|Any CPU = Release|Any CPU
	EndGlobalSection
	GlobalSection(ProjectConfigurationPlatforms) = postSolution
		{52E5E850-CE6E-4BDC-A904-F74EC7853B3F}.Debug|Any CPU.ActiveCfg = Debug|Any CPU
		{52E5E850-CE6E-4BDC-A904-F74EC7853B3F}.Debug|Any CPU.Build.0 = Debug|Any CPU
		{52E5E850-CE6E-4BDC-A904-F74EC7853B3F}.Release|Any CPU.ActiveCfg = Release|Any CPU
		{52E5E850-CE6E-4BDC-A904-F74EC7853B3F}.Release|Any CPU.Build.0 = Release|Any CPU
		{F61B5DCD-81B7-441E-BCC3-FDB4EF5D6916}.Debug|Any CPU.ActiveCfg = Debug|Any CPU
		{F61B5DCD-81B7-441E-BCC3-FDB4EF5D6916}.Debug|Any CPU.Build.0 = Debug|Any CPU
		{F61B5DCD-81B7-441E-BCC3-FDB4EF5D6916}.Release|Any CPU.ActiveCfg = Release|Any CPU
		{F61B5DCD-81B7-441E-BCC3-FDB4EF5D6916}.Release|Any CPU.Build.0 = Release|Any CPU
		{0EB0A749-185F-4E49-8ABE-3E6FCB6F5E48}.Debug|Any CPU.ActiveCfg = Debug|Any CPU
		{0EB0A749-185F-4E49-8ABE-3E6FCB6F5E48}.Debug|Any CPU.Build.0 = Debug|Any CPU
		{0EB0A749-185F-4E49-8ABE-3E6FCB6F5E48}.Release|Any CPU.ActiveCfg = Release|Any CPU
		{0EB0A749-185F-4E49-8ABE-3E6FCB6F5E48}.Release|Any CPU.Build.0 = Release|Any CPU
		{3ABA7B0B-D672-4D13-9CD2-F5EFDB910F91}.Debug|Any CPU.ActiveCfg = Debug|Any CPU
		{3ABA7B0B-D672-4D13-9CD2-F5EFDB910F91}.Debug|Any CPU.Build.0 = Debug|Any CPU
		{3ABA7B0B-D672-4D13-9CD2-F5EFDB910F91}.Release|Any CPU.ActiveCfg = Release|Any CPU
		{3ABA7B0B-D672-4D13-9CD2-F5EFDB910F91}.Release|Any CPU.Build.0 = Release|Any CPU
		{589DDCBD-60AF-4BD3-985C-CD87513592F6}.Debug|Any CPU.ActiveCfg = Debug|Any CPU
		{589DDCBD-60AF-4BD3-985C-CD87513592F6}.Debug|Any CPU.Build.0 = Debug|Any CPU
		{589DDCBD-60AF-4BD3-985C-CD87513592F6}.Release|Any CPU.ActiveCfg = Release|Any CPU
		{589DDCBD-60AF-4BD3-985C-CD87513592F6}.Release|Any CPU.Build.0 = Release|Any CPU
		{1793EB78-2DA1-4E9F-8CB4-4C2B33A3F70A}.Debug|Any CPU.ActiveCfg = Debug|Any CPU
		{1793EB78-2DA1-4E9F-8CB4-4C2B33A3F70A}.Debug|Any CPU.Build.0 = Debug|Any CPU
		{1793EB78-2DA1-4E9F-8CB4-4C2B33A3F70A}.Release|Any CPU.ActiveCfg = Release|Any CPU
		{1793EB78-2DA1-4E9F-8CB4-4C2B33A3F70A}.Release|Any CPU.Build.0 = Release|Any CPU
	EndGlobalSection
	GlobalSection(SolutionProperties) = preSolution
		HideSolutionNode = FALSE
	EndGlobalSection
	GlobalSection(NestedProjects) = preSolution
		{52E5E850-CE6E-4BDC-A904-F74EC7853B3F} = {02EA681E-C7D8-13C7-8484-4AC65E1B71E8}
		{F61B5DCD-81B7-441E-BCC3-FDB4EF5D6916} = {02EA681E-C7D8-13C7-8484-4AC65E1B71E8}
		{0EB0A749-185F-4E49-8ABE-3E6FCB6F5E48} = {02EA681E-C7D8-13C7-8484-4AC65E1B71E8}
		{3ABA7B0B-D672-4D13-9CD2-F5EFDB910F91} = {68205B51-1100-40D4-893C-718FD33CDBF4}
		{589DDCBD-60AF-4BD3-985C-CD87513592F6} = {68205B51-1100-40D4-893C-718FD33CDBF4}
		{1793EB78-2DA1-4E9F-8CB4-4C2B33A3F70A} = {68205B51-1100-40D4-893C-718FD33CDBF4}
	EndGlobalSection
	GlobalSection(ExtensibilityGlobals) = postSolution
		SolutionGuid = {1C705AA5-FD88-46D2-8948-A876801929C6}
	EndGlobalSection
EndGlobal
