
Microsoft Visual Studio Solution File, Format Version 12.00
# Visual Studio Version 17
VisualStudioVersion = 17.14.36414.22
MinimumVisualStudioVersion = 10.0.40219.1
Project("{2150E333-8FDC-42A3-9474-1A3956D46DE8}") = "Task0", "Task0", "{02EA681E-C7D8-13C7-8484-4AC65E1B71E8}"
EndProject
Project("{FAE04EC0-301F-11D3-BF4B-00C04F79EFBC}") = "Tyuiu.BudykovaMM.Sprint5.Task0.V13", "Tyuiu.BudykovaMM.Sprint5.Task0.V13\Tyuiu.BudykovaMM.Sprint5.Task0.V13.csproj", "{52E5E850-CE6E-4BDC-A904-F74EC7853B3F}"
EndProject
Project("{FAE04EC0-301F-11D3-BF4B-00C04F79EFBC}") = "Tyuiu.BudykovaMM.Sprint5.Task0.V13.Lib", "Tyuiu.BudykovaMM.Sprint5.Task0.V13.Lib\Tyuiu.BudykovaMM.Sprint5.Task0.V13.Lib.csproj", "{F61B5DCD-81B7-441E-BCC3-FDB4EF5D6916}"
EndProject
Project("{FAE04EC0-301F-11D3-BF4B-00C04F79EFBC}") = "Tyuiu.BudykovaMM.Sprint5.Task0.V13.Test", "Tyuiu.BudykovaMM.Sprint5.Task0.V13.Test\Tyuiu.BudykovaMM.Sprint5.Task0.V13.Test.csproj", "{0EB0A749-185F-4E49-8ABE-3E6FCB6F5E48}"
EndProject
Project("{2150E333-8FDC-42A3-9474-1A3956D46DE8}") = "Task1", "Task1", "{68205B51-1100-40D4-893C-718FD33CDBF4}"
EndProject
Project("{FAE04EC0-301F-11D3-BF4B-00C04F79EFBC}") = "Tyuiu.BudykovaMM.Sprint5.Task1.V15", "Tyuiu.BudykovaMM.Sprint5.Task1.V15\Tyuiu.BudykovaMM.Sprint5.Task1.V15.csproj", "{3ABA7B0B-D672-4D13-9CD2-F5EFDB910F91}"
EndProject
Project("{FAE04EC0-301F-11D3-BF4B-00C04F79EFBC}") = "Tyuiu.BudykovaMM.Sprint5.Task1.V15.Lib", "Tyuiu.BudykovaMM.Sprint5.Task1.V15.Lib\Tyuiu.BudykovaMM.Sprint5.Task1.V15.Lib.csproj", "{589DDCBD-60AF-4BD3-985C-CD87513592F6}"
EndProject
Project("{FAE04EC0-301F-11D3-BF4B-00C04F79EFBC}") = "Tyuiu.BudykovaMM.Sprint5.Task1.V15.Test", "Tyuiu.BudykovaMM.Sprint5.Task1.V15.Test\Tyuiu.BudykovaMM.Sprint5.Task1.V15.Test.csproj", "{1793EB78-2DA1-4E9F-8CB4-4C2B33A3F70A}"
EndProject
Project("{2150E333-8FDC-42A3-9474-1A3956D46DE8}") = "Task2", "Task2", "{C78DEA10-91B0-485B-A1F9-A800A49C4EED}"
EndProject
Project("{FAE04EC0-301F-11D3-BF4B-00C04F79EFBC}") = "Tyuiu.BudykovaMM.Sprint5.Task2.V24", "Tyuiu.BudykovaMM.Sprint5.Task2.V24\Tyuiu.BudykovaMM.Sprint5.Task2.V24.csproj", "{9FF1A5FD-FB5C-426F-A00C-361B2BF8F4D2}"
EndProject
Project("{FAE04EC0-301F-11D3-BF4B-00C04F79EFBC}") = "Tyuiu.BudykovaMM.Sprint5.Task2.V24.Lib", "Tyuiu.BudykovaMM.Sprint5.Task2.V24.Lib\Tyuiu.BudykovaMM.Sprint5.Task2.V24.Lib.csproj", "{D03E9BB4-9DCD-42DD-9918-E83BBC469BC4}"
EndProject
Project("{FAE04EC0-301F-11D3-BF4B-00C04F79EFBC}") = "Tyuiu.BudykovaMM.Sprint5.Task2.V24.Test", "Tyuiu.BudykovaMM.Sprint5.Task2.V24.Test\Tyuiu.BudykovaMM.Sprint5.Task2.V24.Test.csproj", "{D7026E63-1B89-456E-B72B-183336EF29E7}"
EndProject
Project("{2150E333-8FDC-42A3-9474-1A3956D46DE8}") = "Task3", "Task3", "{765A6672-2673-4896-8A1F-4B30FBF46688}"
EndProject
Project("{FAE04EC0-301F-11D3-BF4B-00C04F79EFBC}") = "Tyuiu.BudykovaMM.Sprint5.Task3.V4", "Tyuiu.BudykovaMM.Sprint5.Task3.V4\Tyuiu.BudykovaMM.Sprint5.Task3.V4.csproj", "{F79C71DF-BB16-49DC-A8C7-766735CB4675}"
EndProject
Project("{FAE04EC0-301F-11D3-BF4B-00C04F79EFBC}") = "Tyuiu.BudykovaMM.Sprint5.Task3.V4.Lib", "Tyuiu.BudykovaMM.Sprint5.Task3.V4.Lib\Tyuiu.BudykovaMM.Sprint5.Task3.V4.Lib.csproj", "{67ED8CED-1D3B-4555-BD59-3A7FF4C73D81}"
EndProject
Project("{FAE04EC0-301F-11D3-BF4B-00C04F79EFBC}") = "Tyuiu.BudykovaMM.Sprint5.Task3.V4.Test", "Tyuiu.BudykovaMM.Sprint5.Task3.V4.Test\Tyuiu.BudykovaMM.Sprint5.Task3.V4.Test.csproj", "{62271A9E-36AD-4878-920F-CBFE7D0FAE3B}"
EndProject
Project("{2150E333-8FDC-42A3-9474-1A3956D46DE8}") = "Task4", "Task4", "{4CDF2D92-DCE5-4A6D-8818-9193E61A21D7}"
EndProject
Project("{FAE04EC0-301F-11D3-BF4B-00C04F79EFBC}") = "Tyuiu.BudykovaMM.Sprint5.Task4.V11", "Tyuiu.BudykovaMM.Sprint5.Task4.V11\Tyuiu.BudykovaMM.Sprint5.Task4.V11.csproj", "{2A0ECF72-1F27-460A-BE28-B3BE6FC1EC2E}"
EndProject
Project("{FAE04EC0-301F-11D3-BF4B-00C04F79EFBC}") = "Tyuiu.BudykovaMM.Sprint5.Task4.V11.Lib", "Tyuiu.BudykovaMM.Sprint5.Task4.V11.Lib\Tyuiu.BudykovaMM.Sprint5.Task4.V11.Lib.csproj", "{D9D23336-2317-4A73-BB97-E9B5C396EA0D}"
EndProject
Project("{FAE04EC0-301F-11D3-BF4B-00C04F79EFBC}") = "Tyuiu.BudykovaMM.Sprint5.Task4.V11.Test", "Tyuiu.BudykovaMM.Sprint5.Task4.V11.Test\Tyuiu.BudykovaMM.Sprint5.Task4.V11.Test.csproj", "{3FEDD22E-A1C0-45C4-AF37-2A12A7E968C2}"
EndProject
Project("{2150E333-8FDC-42A3-9474-1A3956D46DE8}") = "Task5", "Task5", "{1C07298C-8E93-4DB1-8D57-7CF7D36BDC6D}"
EndProject
Project("{FAE04EC0-301F-11D3-BF4B-00C04F79EFBC}") = "Tyuiu.BudykovaMM.Sprint5.Task5.V12", "Tyuiu.BudykovaMM.Sprint5.Task5.V12\Tyuiu.BudykovaMM.Sprint5.Task5.V12.csproj", "{F63D8571-0510-4309-8546-B2F9BD990E4D}"
EndProject
Project("{FAE04EC0-301F-11D3-BF4B-00C04F79EFBC}") = "Tyuiu.BudykovaMM.Sprint5.Task5.V12.Lib", "Tyuiu.BudykovaMM.Sprint5.Task5.V12.Lib\Tyuiu.BudykovaMM.Sprint5.Task5.V12.Lib.csproj", "{0038C218-1C97-4E63-8305-AE726340BF99}"
EndProject
Project("{FAE04EC0-301F-11D3-BF4B-00C04F79EFBC}") = "Tyuiu.BudykovaMM.Sprint5.Task5.V12.Test", "Tyuiu.BudykovaMM.Sprint5.Task5.V12.Test\Tyuiu.BudykovaMM.Sprint5.Task5.V12.Test.csproj", "{E6F77D81-1F55-46DD-8F55-6D734BDBD106}"
EndProject
Project("{2150E333-8FDC-42A3-9474-1A3956D46DE8}") = "Task6", "Task6", "{E095C2F5-DEE3-4680-9065-9ACCE262D382}"
EndProject
Project("{FAE04EC0-301F-11D3-BF4B-00C04F79EFBC}") = "Tyuiu.BudykovaMM.Sprint5.Task6.V24", "Tyuiu.BudykovaMM.Sprint5.Task6.V24\Tyuiu.BudykovaMM.Sprint5.Task6.V24.csproj", "{52DF43E7-5662-4AFF-8C44-68141DE1C5BF}"
EndProject
Project("{FAE04EC0-301F-11D3-BF4B-00C04F79EFBC}") = "Tyuiu.BudykovaMM.Sprint5.Task6.V24.Lib", "Tyuiu.BudykovaMM.Sprint5.Task6.V24.Lib\Tyuiu.BudykovaMM.Sprint5.Task6.V24.Lib.csproj", "{109B4F16-7342-4EB4-ABE8-4FF9402166F9}"
EndProject
Project("{FAE04EC0-301F-11D3-BF4B-00C04F79EFBC}") = "Tyuiu.BudykovaMM.Sprint5.Task6.V24.Test", "Tyuiu.BudykovaMM.Sprint5.Task6.V24.Test\Tyuiu.BudykovaMM.Sprint5.Task6.V24.Test.csproj", "{8C3CF531-966E-4F96-BA15-01218206C437}"
EndProject
Global
	GlobalSection(SolutionConfigurationPlatforms) = preSolution
		Debug|Any CPU = Debug|Any CPU
		Release|Any CPU = Release|Any CPU
	EndGlobalSection
	GlobalSection(ProjectConfigurationPlatforms) = postSolution
		{52E5E850-CE6E-4BDC-A904-F74EC7853B3F}.Debug|Any CPU.ActiveCfg = Debug|Any CPU
		{52E5E850-CE6E-4BDC-A904-F74EC7853B3F}.Debug|Any CPU.Build.0 = Debug|Any CPU
		{52E5E850-CE6E-4BDC-A904-F74EC7853B3F}.Release|Any CPU.ActiveCfg = Release|Any CPU
		{52E5E850-CE6E-4BDC-A904-F74EC7853B3F}.Release|Any CPU.Build.0 = Release|Any CPU
		{F61B5DCD-81B7-441E-BCC3-FDB4EF5D6916}.Debug|Any CPU.ActiveCfg = Debug|Any CPU
		{F61B5DCD-81B7-441E-BCC3-FDB4EF5D6916}.Debug|Any CPU.Build.0 = Debug|Any CPU
		{F61B5DCD-81B7-441E-BCC3-FDB4EF5D6916}.Release|Any CPU.ActiveCfg = Release|Any CPU
		{F61B5DCD-81B7-441E-BCC3-FDB4EF5D6916}.Release|Any CPU.Build.0 = Release|Any CPU
		{0EB0A749-185F-4E49-8ABE-3E6FCB6F5E48}.Debug|Any CPU.ActiveCfg = Debug|Any CPU
		{0EB0A749-185F-4E49-8ABE-3E6FCB6F5E48}.Debug|Any CPU.Build.0 = Debug|Any CPU
		{0EB0A749-185F-4E49-8ABE-3E6FCB6F5E48}.Release|Any CPU.ActiveCfg = Release|Any CPU
		{0EB0A749-185F-4E49-8ABE-3E6FCB6F5E48}.Release|Any CPU.Build.0 = Release|Any CPU
		{3ABA7B0B-D672-4D13-9CD2-F5EFDB910F91}.Debug|Any CPU.ActiveCfg = Debug|Any CPU
		{3ABA7B0B-D672-4D13-9CD2-F5EFDB910F91}.Debug|Any CPU.Build.0 = Debug|Any CPU
		{3ABA7B0B-D672-4D13-9CD2-F5EFDB910F91}.Release|Any CPU.ActiveCfg = Release|Any CPU
		{3ABA7B0B-D672-4D13-9CD2-F5EFDB910F91}.Release|Any CPU.Build.0 = Release|Any CPU
		{589DDCBD-60AF-4BD3-985C-CD87513592F6}.Debug|Any CPU.ActiveCfg = Debug|Any CPU
		{589DDCBD-60AF-4BD3-985C-CD87513592F6}.Debug|Any CPU.Build.0 = Debug|Any CPU
		{589DDCBD-60AF-4BD3-985C-CD87513592F6}.Release|Any CPU.ActiveCfg = Release|Any CPU
		{589DDCBD-60AF-4BD3-985C-CD87513592F6}.Release|Any CPU.Build.0 = Release|Any CPU
		{1793EB78-2DA1-4E9F-8CB4-4C2B33A3F70A}.Debug|Any CPU.ActiveCfg = Debug|Any CPU
		{1793EB78-2DA1-4E9F-8CB4-4C2B33A3F70A}.Debug|Any CPU.Build.0 = Debug|Any CPU
		{1793EB78-2DA1-4E9F-8CB4-4C2B33A3F70A}.Release|Any CPU.ActiveCfg = Release|Any CPU
		{1793EB78-2DA1-4E9F-8CB4-4C2B33A3F70A}.Release|Any CPU.Build.0 = Release|Any CPU
		{9FF1A5FD-FB5C-426F-A00C-361B2BF8F4D2}.Debug|Any CPU.ActiveCfg = Debug|Any CPU
		{9FF1A5FD-FB5C-426F-A00C-361B2BF8F4D2}.Debug|Any CPU.Build.0 = Debug|Any CPU
		{9FF1A5FD-FB5C-426F-A00C-361B2BF8F4D2}.Release|Any CPU.ActiveCfg = Release|Any CPU
		{9FF1A5FD-FB5C-426F-A00C-361B2BF8F4D2}.Release|Any CPU.Build.0 = Release|Any CPU
		{D03E9BB4-9DCD-42DD-9918-E83BBC469BC4}.Debug|Any CPU.ActiveCfg = Debug|Any CPU
		{D03E9BB4-9DCD-42DD-9918-E83BBC469BC4}.Debug|Any CPU.Build.0 = Debug|Any CPU
		{D03E9BB4-9DCD-42DD-9918-E83BBC469BC4}.Release|Any CPU.ActiveCfg = Release|Any CPU
		{D03E9BB4-9DCD-42DD-9918-E83BBC469BC4}.Release|Any CPU.Build.0 = Release|Any CPU
		{D7026E63-1B89-456E-B72B-183336EF29E7}.Debug|Any CPU.ActiveCfg = Debug|Any CPU
		{D7026E63-1B89-456E-B72B-183336EF29E7}.Debug|Any CPU.Build.0 = Debug|Any CPU
		{D7026E63-1B89-456E-B72B-183336EF29E7}.Release|Any CPU.ActiveCfg = Release|Any CPU
		{D7026E63-1B89-456E-B72B-183336EF29E7}.Release|Any CPU.Build.0 = Release|Any CPU
		{F79C71DF-BB16-49DC-A8C7-766735CB4675}.Debug|Any CPU.ActiveCfg = Debug|Any CPU
		{F79C71DF-BB16-49DC-A8C7-766735CB4675}.Debug|Any CPU.Build.0 = Debug|Any CPU
		{F79C71DF-BB16-49DC-A8C7-766735CB4675}.Release|Any CPU.ActiveCfg = Release|Any CPU
		{F79C71DF-BB16-49DC-A8C7-766735CB4675}.Release|Any CPU.Build.0 = Release|Any CPU
		{67ED8CED-1D3B-4555-BD59-3A7FF4C73D81}.Debug|Any CPU.ActiveCfg = Debug|Any CPU
		{67ED8CED-1D3B-4555-BD59-3A7FF4C73D81}.Debug|Any CPU.Build.0 = Debug|Any CPU
		{67ED8CED-1D3B-4555-BD59-3A7FF4C73D81}.Release|Any CPU.ActiveCfg = Release|Any CPU
		{67ED8CED-1D3B-4555-BD59-3A7FF4C73D81}.Release|Any CPU.Build.0 = Release|Any CPU
		{62271A9E-36AD-4878-920F-CBFE7D0FAE3B}.Debug|Any CPU.ActiveCfg = Debug|Any CPU
		{62271A9E-36AD-4878-920F-CBFE7D0FAE3B}.Debug|Any CPU.Build.0 = Debug|Any CPU
		{62271A9E-36AD-4878-920F-CBFE7D0FAE3B}.Release|Any CPU.ActiveCfg = Release|Any CPU
		{62271A9E-36AD-4878-920F-CBFE7D0FAE3B}.Release|Any CPU.Build.0 = Release|Any CPU
		{2A0ECF72-1F27-460A-BE28-B3BE6FC1EC2E}.Debug|Any CPU.ActiveCfg = Debug|Any CPU
		{2A0ECF72-1F27-460A-BE28-B3BE6FC1EC2E}.Debug|Any CPU.Build.0 = Debug|Any CPU
		{2A0ECF72-1F27-460A-BE28-B3BE6FC1EC2E}.Release|Any CPU.ActiveCfg = Release|Any CPU
		{2A0ECF72-1F27-460A-BE28-B3BE6FC1EC2E}.Release|Any CPU.Build.0 = Release|Any CPU
		{D9D23336-2317-4A73-BB97-E9B5C396EA0D}.Debug|Any CPU.ActiveCfg = Debug|Any CPU
		{D9D23336-2317-4A73-BB97-E9B5C396EA0D}.Debug|Any CPU.Build.0 = Debug|Any CPU
		{D9D23336-2317-4A73-BB97-E9B5C396EA0D}.Release|Any CPU.ActiveCfg = Release|Any CPU
		{D9D23336-2317-4A73-BB97-E9B5C396EA0D}.Release|Any CPU.Build.0 = Release|Any CPU
		{3FEDD22E-A1C0-45C4-AF37-2A12A7E968C2}.Debug|Any CPU.ActiveCfg = Debug|Any CPU
		{3FEDD22E-A1C0-45C4-AF37-2A12A7E968C2}.Debug|Any CPU.Build.0 = Debug|Any CPU
		{3FEDD22E-A1C0-45C4-AF37-2A12A7E968C2}.Release|Any CPU.ActiveCfg = Release|Any CPU
		{3FEDD22E-A1C0-45C4-AF37-2A12A7E968C2}.Release|Any CPU.Build.0 = Release|Any CPU
		{F63D8571-0510-4309-8546-B2F9BD990E4D}.Debug|Any CPU.ActiveCfg = Debug|Any CPU
		{F63D8571-0510-4309-8546-B2F9BD990E4D}.Debug|Any CPU.Build.0 = Debug|Any CPU
		{F63D8571-0510-4309-8546-B2F9BD990E4D}.Release|Any CPU.ActiveCfg = Release|Any CPU
		{F63D8571-0510-4309-8546-B2F9BD990E4D}.Release|Any CPU.Build.0 = Release|Any CPU
		{0038C218-1C97-4E63-8305-AE726340BF99}.Debug|Any CPU.ActiveCfg = Debug|Any CPU
		{0038C218-1C97-4E63-8305-AE726340BF99}.Debug|Any CPU.Build.0 = Debug|Any CPU
		{0038C218-1C97-4E63-8305-AE726340BF99}.Release|Any CPU.ActiveCfg = Release|Any CPU
		{0038C218-1C97-4E63-8305-AE726340BF99}.Release|Any CPU.Build.0 = Release|Any CPU
		{E6F77D81-1F55-46DD-8F55-6D734BDBD106}.Debug|Any CPU.ActiveCfg = Debug|Any CPU
		{E6F77D81-1F55-46DD-8F55-6D734BDBD106}.Debug|Any CPU.Build.0 = Debug|Any CPU
		{E6F77D81-1F55-46DD-8F55-6D734BDBD106}.Release|Any CPU.ActiveCfg = Release|Any CPU
		{E6F77D81-1F55-46DD-8F55-6D734BDBD106}.Release|Any CPU.Build.0 = Release|Any CPU
		{52DF43E7-5662-4AFF-8C44-68141DE1C5BF}.Debug|Any CPU.ActiveCfg = Debug|Any CPU
		{52DF43E7-5662-4AFF-8C44-68141DE1C5BF}.Debug|Any CPU.Build.0 = Debug|Any CPU
		{52DF43E7-5662-4AFF-8C44-68141DE1C5BF}.Release|Any CPU.ActiveCfg = Release|Any CPU
		{52DF43E7-5662-4AFF-8C44-68141DE1C5BF}.Release|Any CPU.Build.0 = Release|Any CPU
		{109B4F16-7342-4EB4-ABE8-4FF9402166F9}.Debug|Any CPU.ActiveCfg = Debug|Any CPU
		{109B4F16-7342-4EB4-ABE8-4FF9402166F9}.Debug|Any CPU.Build.0 = Debug|Any CPU
		{109B4F16-7342-4EB4-ABE8-4FF9402166F9}.Release|Any CPU.ActiveCfg = Release|Any CPU
		{109B4F16-7342-4EB4-ABE8-4FF9402166F9}.Release|Any CPU.Build.0 = Release|Any CPU
		{8C3CF531-966E-4F96-BA15-01218206C437}.Debug|Any CPU.ActiveCfg = Debug|Any CPU
		{8C3CF531-966E-4F96-BA15-01218206C437}.Debug|Any CPU.Build.0 = Debug|Any CPU
		{8C3CF531-966E-4F96-BA15-01218206C437}.Release|Any CPU.ActiveCfg = Release|Any CPU
		{8C3CF531-966E-4F96-BA15-01218206C437}.Release|Any CPU.Build.0 = Release|Any CPU
	EndGlobalSection
	GlobalSection(SolutionProperties) = preSolution
		HideSolutionNode = FALSE
	EndGlobalSection
	GlobalSection(NestedProjects) = preSolution
		{52E5E850-CE6E-4BDC-A904-F74EC7853B3F} = {02EA681E-C7D8-13C7-8484-4AC65E1B71E8}
		{F61B5DCD-81B7-441E-BCC3-FDB4EF5D6916} = {02EA681E-C7D8-13C7-8484-4AC65E1B71E8}
		{0EB0A749-185F-4E49-8ABE-3E6FCB6F5E48} = {02EA681E-C7D8-13C7-8484-4AC65E1B71E8}
		{3ABA7B0B-D672-4D13-9CD2-F5EFDB910F91} = {68205B51-1100-40D4-893C-718FD33CDBF4}
		{589DDCBD-60AF-4BD3-985C-CD87513592F6} = {68205B51-1100-40D4-893C-718FD33CDBF4}
		{1793EB78-2DA1-4E9F-8CB4-4C2B33A3F70A} = {68205B51-1100-40D4-893C-718FD33CDBF4}
		{9FF1A5FD-FB5C-426F-A00C-361B2BF8F4D2} = {C78DEA10-91B0-485B-A1F9-A800A49C4EED}
		{D03E9BB4-9DCD-42DD-9918-E83BBC469BC4} = {C78DEA10-91B0-485B-A1F9-A800A49C4EED}
		{D7026E63-1B89-456E-B72B-183336EF29E7} = {C78DEA10-91B0-485B-A1F9-A800A49C4EED}
		{F79C71DF-BB16-49DC-A8C7-766735CB4675} = {765A6672-2673-4896-8A1F-4B30FBF46688}
		{67ED8CED-1D3B-4555-BD59-3A7FF4C73D81} = {765A6672-2673-4896-8A1F-4B30FBF46688}
		{62271A9E-36AD-4878-920F-CBFE7D0FAE3B} = {765A6672-2673-4896-8A1F-4B30FBF46688}
		{2A0ECF72-1F27-460A-BE28-B3BE6FC1EC2E} = {4CDF2D92-DCE5-4A6D-8818-9193E61A21D7}
		{D9D23336-2317-4A73-BB97-E9B5C396EA0D} = {4CDF2D92-DCE5-4A6D-8818-9193E61A21D7}
		{3FEDD22E-A1C0-45C4-AF37-2A12A7E968C2} = {4CDF2D92-DCE5-4A6D-8818-9193E61A21D7}
		{F63D8571-0510-4309-8546-B2F9BD990E4D} = {1C07298C-8E93-4DB1-8D57-7CF7D36BDC6D}
		{0038C218-1C97-4E63-8305-AE726340BF99} = {1C07298C-8E93-4DB1-8D57-7CF7D36BDC6D}
		{E6F77D81-1F55-46DD-8F55-6D734BDBD106} = {1C07298C-8E93-4DB1-8D57-7CF7D36BDC6D}
		{52DF43E7-5662-4AFF-8C44-68141DE1C5BF} = {E095C2F5-DEE3-4680-9065-9ACCE262D382}
		{109B4F16-7342-4EB4-ABE8-4FF9402166F9} = {E095C2F5-DEE3-4680-9065-9ACCE262D382}
		{8C3CF531-966E-4F96-BA15-01218206C437} = {E095C2F5-DEE3-4680-9065-9ACCE262D382}
	EndGlobalSection
	GlobalSection(ExtensibilityGlobals) = postSolution
		SolutionGuid = {1C705AA5-FD88-46D2-8948-A876801929C6}
	EndGlobalSection
EndGlobal
